{
  "name": "dcl-project",
  "version": "1.0.0",
  "lockfileVersion": 2,
  "requires": true,
  "packages": {
    "": {
      "name": "dcl-project",
      "version": "1.0.0",
      "bundleDependencies": [
        "@dcl/ecs-scene-utils",
        "@dcl/ui-scene-utils"
      ],
      "dependencies": {
        "@dcl/ecs-scene-utils": "^1.6.1",
        "@dcl/npc-scene-utils": "^1.2.10",
        "@dcl/npc-utils": "^1.0.5",
        "@dcl/ui-scene-utils": "^1.7.1"
      },
      "devDependencies": {
        "decentraland-ecs": "^6.6.4"
      }
    },
    "node_modules/@dcl/ecs-scene-utils": {
      "version": "1.6.1",
      "resolved": "https://registry.npmjs.org/@dcl/ecs-scene-utils/-/ecs-scene-utils-1.6.1.tgz",
      "integrity": "sha512-HA7cwPspgLsx5+YulrimHU4wl7sZaX8DNfCwHBn3g4m0w6vzyy9GgWme+yLUqexUIedGkuhu+nNiWH2fZk4CNQ==",
      "inBundle": true
    },
    "node_modules/@dcl/npc-scene-utils": {
      "version": "1.2.10",
      "resolved": "https://registry.npmjs.org/@dcl/npc-scene-utils/-/npc-scene-utils-1.2.10.tgz",
      "integrity": "sha512-58awkzfpaCWg6M/n8c6ph4lI8pgQv3I/Bi+JzXQhU1EP788XXsl9ypz/rJ8zAOACiuGYVlWeP1iOhzk87spIBA=="
    },
    "node_modules/@dcl/npc-utils": {
      "version": "1.2.6",
      "resolved": "https://registry.npmjs.org/@dcl/npc-utils/-/npc-utils-1.2.6.tgz",
      "integrity": "sha512-U82EEu9pVUtBaAkQ2uF0LtB+OmdrwKIDGn1kG53GFbZRQSme4NcXuUdlAn3K2hkXCd7vSndQLcHa824tKV81mQ==",
      "license": "Apache-2.0",
      "dependencies": {
        "decentraland-ecs": "latest"
      }
    },
    "node_modules/@dcl/ui-scene-utils": {
      "version": "1.7.1",
      "resolved": "https://registry.npmjs.org/@dcl/ui-scene-utils/-/ui-scene-utils-1.7.1.tgz",
      "integrity": "sha512-W0GW7ZKaevpuSdB1AUvk8qTtWhnVUMEg4BlLWHvW6FijVt0DF4TwWPWHRs2H7ONfhlaH+nHe5YexUr1WBS1K4A==",
      "inBundle": true
    },
    "node_modules/buffer-from": {
      "version": "1.1.1",
      "resolved": "https://registry.npmjs.org/buffer-from/-/buffer-from-1.1.1.tgz",
      "integrity": "sha512-MQcXEUbCKtEo7bhqEs6560Hyd4XaovZlO/k9V3hjVUF/zwW7KBVdSK4gIt/bzwS9MbR5qob+F5jusZsb0YQK2A=="
    },
    "node_modules/commander": {
      "version": "2.20.3",
      "resolved": "https://registry.npmjs.org/commander/-/commander-2.20.3.tgz",
      "integrity": "sha512-GpVkmM8vF2vQUkj2LvZmD35JxeJOLCwJ9cUkugyk2nuhbv3+mJvpLYYt+0+USMxE+oj+ey/lJEnhZw75x/OMcQ=="
    },
    "node_modules/decentraland-ecs": {
      "version": "6.6.4",
      "resolved": "https://registry.npmjs.org/decentraland-ecs/-/decentraland-ecs-6.6.4.tgz",
      "integrity": "sha512-3yvde383GEURkj5tzBLK4SvcE2INd0XfNHfUwxd64WdO27UT5R58Ug9CcTLrx13oCbkRo+05ercprcNnwpC5lw==",
      "dependencies": {
        "terser": "^5.2.1",
        "typescript": "^4.0.2"
      },
      "bin": {
        "build-ecs": "artifacts/build-ecs.js"
      }
    },
    "node_modules/source-map": {
      "version": "0.7.3",
      "resolved": "https://registry.npmjs.org/source-map/-/source-map-0.7.3.tgz",
      "integrity": "sha512-CkCj6giN3S+n9qrYiBTX5gystlENnRW5jZeNLHpe6aue+SrHcG5VYwujhW9s4dY31mEGsxBDrHR6oI69fTXsaQ==",
      "engines": {
        "node": ">= 8"
      }
    },
    "node_modules/source-map-support": {
      "version": "0.5.19",
      "resolved": "https://registry.npmjs.org/source-map-support/-/source-map-support-0.5.19.tgz",
      "integrity": "sha512-Wonm7zOCIJzBGQdB+thsPar0kYuCIzYvxZwlBa87yi/Mdjv7Tip2cyVbLj5o0cFPN4EVkuTwb3GDDyUx2DGnGw==",
      "dependencies": {
        "buffer-from": "^1.0.0",
        "source-map": "^0.6.0"
      }
    },
    "node_modules/source-map-support/node_modules/source-map": {
      "version": "0.6.1",
      "resolved": "https://registry.npmjs.org/source-map/-/source-map-0.6.1.tgz",
      "integrity": "sha512-UjgapumWlbMhkBgzT7Ykc5YXUT46F0iKu8SGXq0bcwP5dz/h0Plj6enJqjz1Zbq2l5WaqYnrVbwWOWMyF3F47g==",
      "engines": {
        "node": ">=0.10.0"
      }
    },
    "node_modules/terser": {
      "version": "5.6.0",
      "resolved": "https://registry.npmjs.org/terser/-/terser-5.6.0.tgz",
      "integrity": "sha512-vyqLMoqadC1uR0vywqOZzriDYzgEkNJFK4q9GeyOBHIbiECHiWLKcWfbQWAUaPfxkjDhapSlZB9f7fkMrvkVjA==",
      "dependencies": {
        "commander": "^2.20.0",
        "source-map": "~0.7.2",
        "source-map-support": "~0.5.19"
      },
      "bin": {
        "terser": "bin/terser"
      },
      "engines": {
        "node": ">=10"
      }
    },
    "node_modules/typescript": {
      "version": "4.2.2",
      "resolved": "https://registry.npmjs.org/typescript/-/typescript-4.2.2.tgz",
      "integrity": "sha512-tbb+NVrLfnsJy3M59lsDgrzWIflR4d4TIUjz+heUnHZwdF7YsrMTKoRERiIvI2lvBG95dfpLxB21WZhys1bgaQ==",
      "bin": {
        "tsc": "bin/tsc",
        "tsserver": "bin/tsserver"
      },
      "engines": {
        "node": ">=4.2.0"
      }
    }
  },
  "dependencies": {
    "@dcl/ecs-scene-utils": {
      "version": "1.6.1",
      "resolved": "https://registry.npmjs.org/@dcl/ecs-scene-utils/-/ecs-scene-utils-1.6.1.tgz",
      "integrity": "sha512-HA7cwPspgLsx5+YulrimHU4wl7sZaX8DNfCwHBn3g4m0w6vzyy9GgWme+yLUqexUIedGkuhu+nNiWH2fZk4CNQ=="
    },
    "@dcl/npc-scene-utils": {
      "version": "1.2.10",
      "resolved": "https://registry.npmjs.org/@dcl/npc-scene-utils/-/npc-scene-utils-1.2.10.tgz",
      "integrity": "sha512-58awkzfpaCWg6M/n8c6ph4lI8pgQv3I/Bi+JzXQhU1EP788XXsl9ypz/rJ8zAOACiuGYVlWeP1iOhzk87spIBA=="
    },
    "@dcl/npc-utils": {
      "version": "1.2.6",
      "resolved": "https://registry.npmjs.org/@dcl/npc-utils/-/npc-utils-1.2.6.tgz",
      "integrity": "sha512-U82EEu9pVUtBaAkQ2uF0LtB+OmdrwKIDGn1kG53GFbZRQSme4NcXuUdlAn3K2hkXCd7vSndQLcHa824tKV81mQ==",
      "requires": {
        "decentraland-ecs": "latest"
      }
    },
    "@dcl/ui-scene-utils": {
      "version": "1.7.1",
      "resolved": "https://registry.npmjs.org/@dcl/ui-scene-utils/-/ui-scene-utils-1.7.1.tgz",
      "integrity": "sha512-W0GW7ZKaevpuSdB1AUvk8qTtWhnVUMEg4BlLWHvW6FijVt0DF4TwWPWHRs2H7ONfhlaH+nHe5YexUr1WBS1K4A=="
    },
    "buffer-from": {
      "version": "1.1.1",
      "resolved": "https://registry.npmjs.org/buffer-from/-/buffer-from-1.1.1.tgz",
      "integrity": "sha512-MQcXEUbCKtEo7bhqEs6560Hyd4XaovZlO/k9V3hjVUF/zwW7KBVdSK4gIt/bzwS9MbR5qob+F5jusZsb0YQK2A=="
    },
    "commander": {
      "version": "2.20.3",
      "resolved": "https://registry.npmjs.org/commander/-/commander-2.20.3.tgz",
      "integrity": "sha512-GpVkmM8vF2vQUkj2LvZmD35JxeJOLCwJ9cUkugyk2nuhbv3+mJvpLYYt+0+USMxE+oj+ey/lJEnhZw75x/OMcQ=="
    },
    "decentraland-ecs": {
      "version": "6.6.4",
      "resolved": "https://registry.npmjs.org/decentraland-ecs/-/decentraland-ecs-6.6.4.tgz",
      "integrity": "sha512-3yvde383GEURkj5tzBLK4SvcE2INd0XfNHfUwxd64WdO27UT5R58Ug9CcTLrx13oCbkRo+05ercprcNnwpC5lw==",
      "requires": {
        "terser": "^5.2.1",
        "typescript": "^4.0.2"
      }
    },
    "source-map": {
      "version": "0.7.3",
      "resolved": "https://registry.npmjs.org/source-map/-/source-map-0.7.3.tgz",
      "integrity": "sha512-CkCj6giN3S+n9qrYiBTX5gystlENnRW5jZeNLHpe6aue+SrHcG5VYwujhW9s4dY31mEGsxBDrHR6oI69fTXsaQ=="
    },
    "source-map-support": {
      "version": "0.5.19",
      "resolved": "https://registry.npmjs.org/source-map-support/-/source-map-support-0.5.19.tgz",
      "integrity": "sha512-Wonm7zOCIJzBGQdB+thsPar0kYuCIzYvxZwlBa87yi/Mdjv7Tip2cyVbLj5o0cFPN4EVkuTwb3GDDyUx2DGnGw==",
      "requires": {
        "buffer-from": "^1.0.0",
        "source-map": "^0.6.0"
      },
      "dependencies": {
        "source-map": {
          "version": "0.6.1",
          "resolved": "https://registry.npmjs.org/source-map/-/source-map-0.6.1.tgz",
          "integrity": "sha512-UjgapumWlbMhkBgzT7Ykc5YXUT46F0iKu8SGXq0bcwP5dz/h0Plj6enJqjz1Zbq2l5WaqYnrVbwWOWMyF3F47g=="
        }
      }
    },
    "terser": {
      "version": "5.6.0",
      "resolved": "https://registry.npmjs.org/terser/-/terser-5.6.0.tgz",
      "integrity": "sha512-vyqLMoqadC1uR0vywqOZzriDYzgEkNJFK4q9GeyOBHIbiECHiWLKcWfbQWAUaPfxkjDhapSlZB9f7fkMrvkVjA==",
      "requires": {
        "commander": "^2.20.0",
        "source-map": "~0.7.2",
        "source-map-support": "~0.5.19"
      }
    },
    "typescript": {
      "version": "4.2.2",
      "resolved": "https://registry.npmjs.org/typescript/-/typescript-4.2.2.tgz",
      "integrity": "sha512-tbb+NVrLfnsJy3M59lsDgrzWIflR4d4TIUjz+heUnHZwdF7YsrMTKoRERiIvI2lvBG95dfpLxB21WZhys1bgaQ=="
    }
  }
}
